
Microsoft Visual Studio Solution File, Format Version 12.00
# Visual Studio Version 17
VisualStudioVersion = 17.5.33530.505
MinimumVisualStudioVersion = 10.0.40219.1
Project("{FAE04EC0-301F-11D3-BF4B-00C04F79EFBC}") = "ConnectEcoStruxure", "ConnectEcoStruxure.csproj", "{2E6C046B-DA00-403F-B70E-2756973FD4A4}"
EndProject
Global
	GlobalSection(SolutionConfigurationPlatforms) = preSolution
		Debug|Any CPU = Debug|Any CPU
		Release|Any CPU = Release|Any CPU
	EndGlobalSection
	GlobalSection(ProjectConfigurationPlatforms) = postSolution
		{2E6C046B-DA00-403F-B70E-2756973FD4A4}.Debug|Any CPU.ActiveCfg = Debug|Any CPU
		{2E6C046B-DA00-403F-B70E-2756973FD4A4}.Debug|Any CPU.Build.0 = Debug|Any CPU
		{2E6C046B-DA00-403F-B70E-2756973FD4A4}.Release|Any CPU.ActiveCfg = Release|Any CPU
		{2E6C046B-DA00-403F-B70E-2756973FD4A4}.Release|Any CPU.Build.0 = Release|Any CPU
	EndGlobalSection
	GlobalSection(SolutionProperties) = preSolution
		HideSolutionNode = FALSE
	EndGlobalSection
	GlobalSection(ExtensibilityGlobals) = postSolution
		SolutionGuid = {75E524B3-DA50-47E2-874A-9444BD365934}
	EndGlobalSection
EndGlobal
